{
  "lockfileVersion": 1,
  "configVersion": 1,
  "workspaces": {
    "": {
      "name": "yoke-worker",
      "devDependencies": {
        "@cloudflare/workers-types": "^4.20250516.0",
        "typescript": "5.6.3",
      },
    },
  },
  "packages": {
    "@cloudflare/workers-types": ["@cloudflare/workers-types@4.20260523.1", "https://registry.npmmirror.com/@cloudflare/workers-types/-/workers-types-4.20260523.1.tgz", {}, "sha512-Kr66Jip2K3t0srdoLLImzblTTx2T409Zk2J6AHANmlB950rlHr2henMQx7+cdQOLm2p1CttuBcYB1UVjdiFN8Q=="],

    "typescript": ["typescript@5.6.3", "https://registry.npmmirror.com/typescript/-/typescript-5.6.3.tgz", { "bin": { "tsc": "bin/tsc", "tsserver": "bin/tsserver" } }, "sha512-hjcS1mhfuyi4WW8IWtjP7brDrG2cuDZukyrYrSauoXGNgx0S7zceP07adYkJycEr56BOUTNPzbInooiN3fn1qw=="],
  }
}
